# THIS IS AN AUTOGENERATED FILE. DO NOT EDIT THIS FILE DIRECTLY.
# yarn lockfile v1


"@quasar/extras@^1.13.6":
  version "1.13.6"
  resolved "https://registry.yarnpkg.com/@quasar/extras/-/extras-1.13.6.tgz#7b0ebbe4d9438e599dbb6aafd2af132cf5692344"
  integrity sha512-IpLPkB3/NXd1vrIo5UcWJR5ECSOqkpFGxZ14Tb3GwBaFPqkpIbpJHGETLLGd284lclI9m1+NNE36TpYyly5qCQ==

quasar@^2.6.6:
  version "2.6.6"
  resolved "https://registry.yarnpkg.com/quasar/-/quasar-2.6.6.tgz#00bc2acbe5ef2492f7b959f539fd2e469e7082a6"
  integrity sha512-rXoGZROOXVutQX14l/ys0te/NrgQ754krI0Vz52pBXdznyS+dTL6AgGpr3JMwffoxpxhQyedrL2jOAMpq+Jsgw==
