# THIS IS AN AUTOGENERATED FILE. DO NOT EDIT THIS FILE DIRECTLY.
# yarn lockfile v1


"@quasar/extras@^1.13.6":
  version "1.14.0"
  resolved "https://registry.yarnpkg.com/@quasar/extras/-/extras-1.14.0.tgz#cbdb2c8ea8f9ef551adea28592bf9f9f6c1c5165"
  integrity sha512-4qVLqiKHV8tpvj/VgyxI5FlWCwQvWQzq15xlLeCDpzLOGeJruUXs+QCAB5gFgdDHPbU2ax2YgAxyGoQSCS7ACw==

quasar@^2.6.6:
  version "2.7.1"
  resolved "https://registry.yarnpkg.com/quasar/-/quasar-2.7.1.tgz#a599978ce2f1f6327e6686a01923ccacd9a75ddd"
  integrity sha512-V2FcD04nHE07p4p0YEeC3ZIA9kodyZ5wdZ+eXRZhUZ3cFugAneJ1D2WCyKoqwM4OReFCk/1jlqQxCCUaTU4X3g==
